{
  "name": "oas-kit-common",
  "version": "1.0.8",
  "lockfileVersion": 1,
  "requires": true,
  "dependencies": {
    "fast-safe-stringify": {
      "version": "2.1.1",
      "resolved": "https://registry.npmjs.org/fast-safe-stringify/-/fast-safe-stringify-2.1.1.tgz",
      "integrity": "sha512-W+KJc2dmILlPplD/H4K9l9LcAHAfPtP6BY84uVLXQ6Evcz9Lcg33Y2z1IVblT6xdY54PXYVHEv+0Wpq8Io6zkA=="
    },
    "is-chinese": {
      "version": "2.0.0",
      "resolved": "https://registry.npmjs.org/is-chinese/-/is-chinese-2.0.0.tgz",
      "integrity": "sha512-1BTwHrs0wHnNZTyMWM8MPpVEs8u4uvLnUA2QZGt6cFjqY82DZV3lKH6hBGHqu8eJxkAIYcelm1kBR8v8URS4yA=="
    },
    "is-word-character": {
      "version": "1.0.4",
      "resolved": "https://registry.npmjs.org/is-word-character/-/is-word-character-1.0.4.tgz",
      "integrity": "sha512-5SMO8RVennx3nZrqtKwCGyyetPE9VDba5ugvKLaD4KopPG5kR4mQ7tNt/r7feL5yt5h3lpuBbIUmCOG2eSzXHA=="
    }
  }
}
