# THIS IS AN AUTOGENERATED FILE. DO NOT EDIT THIS FILE DIRECTLY.
# yarn lockfile v1


fast-safe-stringify@^2.0.7:
  version "2.1.1"
  resolved "https://registry.yarnpkg.com/fast-safe-stringify/-/fast-safe-stringify-2.1.1.tgz#c406a83b6e70d9e35ce3b30a81141df30aeba884"
  integrity sha512-W+KJc2dmILlPplD/H4K9l9LcAHAfPtP6BY84uVLXQ6Evcz9Lcg33Y2z1IVblT6xdY54PXYVHEv+0Wpq8Io6zkA==

is-chinese@^2.0.0:
  version "2.0.0"
  resolved "https://mirrors.cloud.tencent.com/npm/is-chinese/-/is-chinese-2.0.0.tgz#f3be9a45b4cf3e3c058c3628c9506961f47df32b"
  integrity sha512-1BTwHrs0wHnNZTyMWM8MPpVEs8u4uvLnUA2QZGt6cFjqY82DZV3lKH6hBGHqu8eJxkAIYcelm1kBR8v8URS4yA==

is-word-character@^1.0.4:
  version "1.0.4"
  resolved "https://mirrors.cloud.tencent.com/npm/is-word-character/-/is-word-character-1.0.4.tgz#ce0e73216f98599060592f62ff31354ddbeb0230"
  integrity sha512-5SMO8RVennx3nZrqtKwCGyyetPE9VDba5ugvKLaD4KopPG5kR4mQ7tNt/r7feL5yt5h3lpuBbIUmCOG2eSzXHA==
